# This file is automatically @generated by Cargo.
# It is not intended for manual editing.
version = 3

[[package]]
name = "addr2line"
version = "0.19.0"
source = "registry+https://github.com/rust-lang/crates.io-index"
checksum = "a76fd60b23679b7d19bd066031410fb7e458ccc5e958eb5c325888ce4baedc97"
dependencies = [
 "gimli",
]

[[package]]
name = "adler"
version = "1.0.2"
source = "registry+https://github.com/rust-lang/crates.io-index"
checksum = "f26201604c87b1e01bd3d98f8d5d9a8fcbb815e8cedb41ffccbeb4bf593a35fe"

[[package]]
name = "ascii_table"
version = "4.0.2"
source = "registry+https://github.com/rust-lang/crates.io-index"
checksum = "75054ce561491263d7b80dc2f6f6c6f8cdfd0c7a7c17c5cf3b8117829fa72ae1"

[[package]]
name = "autocfg"
version = "1.1.0"
source = "registry+https://github.com/rust-lang/crates.io-index"
checksum = "d468802bab17cbc0cc575e9b053f41e72aa36bfa6b7f55e3529ffa43161b97fa"

[[package]]
name = "backtrace"
version = "0.3.67"
source = "registry+https://github.com/rust-lang/crates.io-index"
checksum = "233d376d6d185f2a3093e58f283f60f880315b6c60075b01f36b3b85154564ca"
dependencies = [
 "addr2line",
 "cc",
 "cfg-if",
 "libc",
 "miniz_oxide",
 "object",
 "rustc-demangle",
]

[[package]]
name = "bitflags"
version = "1.3.2"
source = "registry+https://github.com/rust-lang/crates.io-index"
checksum = "bef38d45163c2f1dde094a7dfd33ccf595c92905c8f8f4fdc18d06fb1037718a"

[[package]]
name = "cc"
version = "1.0.78"
source = "registry+https://github.com/rust-lang/crates.io-index"
checksum = "a20104e2335ce8a659d6dd92a51a767a0c062599c73b343fd152cb401e828c3d"

[[package]]
name = "cfg-if"
version = "1.0.0"
source = "registry+https://github.com/rust-lang/crates.io-index"
checksum = "baf1de4339761588bc0619e3cbc0120ee582ebb74b53b4efbf79117bd2da40fd"

[[package]]
name = "clap"
version = "4.0.32"
source = "registry+https://github.com/rust-lang/crates.io-index"
checksum = "a7db700bc935f9e43e88d00b0850dae18a63773cfbec6d8e070fccf7fef89a39"
dependencies = [
 "bitflags",
 "clap_derive",
 "clap_lex",
 "is-terminal",
 "once_cell",
 "strsim",
 "termcolor",
]

[[package]]
name = "clap_derive"
version = "4.0.21"
source = "registry+https://github.com/rust-lang/crates.io-index"
checksum = "0177313f9f02afc995627906bbd8967e2be069f5261954222dac78290c2b9014"
dependencies = [
 "heck",
 "proc-macro-error",
 "proc-macro2",
 "quote",
 "syn",
]

[[package]]
name = "clap_lex"
version = "0.3.0"
source = "registry+https://github.com/rust-lang/crates.io-index"
checksum = "0d4198f73e42b4936b35b5bb248d81d2b595ecb170da0bac7655c54eedfa8da8"
dependencies = [
 "os_str_bytes",
]

[[package]]
name = "clap_mangen"
version = "0.2.6"
source = "registry+https://github.com/rust-lang/crates.io-index"
checksum = "904eb24d05ad587557e0f484ddce5c737c30cf81372badb16d13e41c4b8340b1"
dependencies = [
 "clap",
 "roff",
]

[[package]]
name = "dirs"
version = "4.0.0"
source = "registry+https://github.com/rust-lang/crates.io-index"
checksum = "ca3aa72a6f96ea37bbc5aa912f6788242832f75369bdfdadcb0e38423f100059"
dependencies = [
 "dirs-sys",
]

[[package]]
name = "dirs-sys"
version = "0.3.7"
source = "registry+https://github.com/rust-lang/crates.io-index"
checksum = "1b1d1d91c932ef41c0f2663aa8b0ca0342d444d842c06914aa0a7e352d0bada6"
dependencies = [
 "libc",
 "redox_users",
 "winapi",
]

[[package]]
name = "env_logger"
version = "0.10.0"
source = "registry+https://github.com/rust-lang/crates.io-index"
checksum = "85cdab6a89accf66733ad5a1693a4dcced6aeff64602b634530dd73c1f3ee9f0"
dependencies = [
 "log",
]

[[package]]
name = "errno"
version = "0.2.8"
source = "registry+https://github.com/rust-lang/crates.io-index"
checksum = "f639046355ee4f37944e44f60642c6f3a7efa3cf6b78c78a0d989a8ce6c396a1"
dependencies = [
 "errno-dragonfly",
 "libc",
 "winapi",
]

[[package]]
name = "errno-dragonfly"
version = "0.1.2"
source = "registry+https://github.com/rust-lang/crates.io-index"
checksum = "aa68f1b12764fab894d2755d2518754e71b4fd80ecfb822714a1206c2aab39bf"
dependencies = [
 "cc",
 "libc",
]

[[package]]
name = "exec"
version = "0.3.1"
source = "registry+https://github.com/rust-lang/crates.io-index"
checksum = "886b70328cba8871bfc025858e1de4be16b1d5088f2ba50b57816f4210672615"
dependencies = [
 "errno",
 "libc",
]

[[package]]
name = "failure"
version = "0.1.8"
source = "registry+https://github.com/rust-lang/crates.io-index"
checksum = "d32e9bd16cc02eae7db7ef620b392808b89f6a5e16bb3497d159c6b92a0f4f86"
dependencies = [
 "backtrace",
 "failure_derive",
]

[[package]]
name = "failure_derive"
version = "0.1.8"
source = "registry+https://github.com/rust-lang/crates.io-index"
checksum = "aa4da3c766cd7a0db8242e326e9e4e081edd567072893ed320008189715366a4"
dependencies = [
 "proc-macro2",
 "quote",
 "syn",
 "synstructure",
]

[[package]]
name = "getrandom"
version = "0.2.8"
source = "registry+https://github.com/rust-lang/crates.io-index"
checksum = "c05aeb6a22b8f62540c194aac980f2115af067bfe15a0734d7277a768d396b31"
dependencies = [
 "cfg-if",
 "libc",
 "wasi",
]

[[package]]
name = "gimli"
version = "0.27.0"
source = "registry+https://github.com/rust-lang/crates.io-index"
checksum = "dec7af912d60cdbd3677c1af9352ebae6fb8394d165568a2234df0fa00f87793"

[[package]]
name = "hashbrown"
version = "0.12.3"
source = "registry+https://github.com/rust-lang/crates.io-index"
checksum = "8a9ee70c43aaf417c914396645a0fa852624801b24ebb7ae78fe8272889ac888"

[[package]]
name = "heck"
version = "0.4.0"
source = "registry+https://github.com/rust-lang/crates.io-index"
checksum = "2540771e65fc8cb83cd6e8a237f70c319bd5c29f78ed1084ba5d50eeac86f7f9"

[[package]]
name = "hermit-abi"
version = "0.2.6"
source = "registry+https://github.com/rust-lang/crates.io-index"
checksum = "ee512640fe35acbfb4bb779db6f0d80704c2cacfa2e39b601ef3e3f47d1ae4c7"
dependencies = [
 "libc",
]

[[package]]
name = "include_dir"
version = "0.7.3"
source = "registry+https://github.com/rust-lang/crates.io-index"
checksum = "18762faeff7122e89e0857b02f7ce6fcc0d101d5e9ad2ad7846cc01d61b7f19e"
dependencies = [
 "include_dir_macros",
]

[[package]]
name = "include_dir_macros"
version = "0.7.3"
source = "registry+https://github.com/rust-lang/crates.io-index"
checksum = "b139284b5cf57ecfa712bcc66950bb635b31aff41c188e8a4cfc758eca374a3f"
dependencies = [
 "proc-macro2",
 "quote",
]

[[package]]
name = "indexmap"
version = "1.9.2"
source = "registry+https://github.com/rust-lang/crates.io-index"
checksum = "1885e79c1fc4b10f0e172c475f458b7f7b93061064d98c3293e98c5ba0c8b399"
dependencies = [
 "autocfg",
 "hashbrown",
]

[[package]]
name = "io-lifetimes"
version = "1.0.3"
source = "registry+https://github.com/rust-lang/crates.io-index"
checksum = "46112a93252b123d31a119a8d1a1ac19deac4fac6e0e8b0df58f0d4e5870e63c"
dependencies = [
 "libc",
 "windows-sys",
]

[[package]]
name = "is-terminal"
version = "0.4.2"
source = "registry+https://github.com/rust-lang/crates.io-index"
checksum = "28dfb6c8100ccc63462345b67d1bbc3679177c75ee4bf59bf29c8b1d110b8189"
dependencies = [
 "hermit-abi",
 "io-lifetimes",
 "rustix",
 "windows-sys",
]

[[package]]
name = "itoa"
version = "1.0.5"
source = "registry+https://github.com/rust-lang/crates.io-index"
checksum = "fad582f4b9e86b6caa621cabeb0963332d92eea04729ab12892c2533951e6440"

[[package]]
name = "libc"
version = "0.2.139"
source = "registry+https://github.com/rust-lang/crates.io-index"
checksum = "201de327520df007757c1f0adce6e827fe8562fbc28bfd9c15571c66ca1f5f79"

[[package]]
name = "linux-raw-sys"
version = "0.1.4"
source = "registry+https://github.com/rust-lang/crates.io-index"
checksum = "f051f77a7c8e6957c0696eac88f26b0117e54f52d3fc682ab19397a8812846a4"

[[package]]
name = "log"
version = "0.4.17"
source = "registry+https://github.com/rust-lang/crates.io-index"
checksum = "abb12e687cfb44aa40f41fc3978ef76448f9b6038cad6aef4259d3c095a2382e"
dependencies = [
 "cfg-if",
]

[[package]]
name = "md5"
version = "0.7.0"
source = "registry+https://github.com/rust-lang/crates.io-index"
checksum = "490cc448043f947bae3cbee9c203358d62dbee0db12107a74be5c30ccfd09771"

[[package]]
name = "memchr"
version = "2.5.0"
source = "registry+https://github.com/rust-lang/crates.io-index"
checksum = "2dffe52ecf27772e601905b7522cb4ef790d2cc203488bbd0e2fe85fcb74566d"

[[package]]
name = "miniz_oxide"
version = "0.6.2"
source = "registry+https://github.com/rust-lang/crates.io-index"
checksum = "b275950c28b37e794e8c55d88aeb5e139d0ce23fdbbeda68f8d7174abdf9e8fa"
dependencies = [
 "adler",
]

[[package]]
name = "number_prefix"
version = "0.4.0"
source = "registry+https://github.com/rust-lang/crates.io-index"
checksum = "830b246a0e5f20af87141b25c173cd1b609bd7779a4617d6ec582abaf90870f3"

[[package]]
name = "object"
version = "0.30.1"
source = "registry+https://github.com/rust-lang/crates.io-index"
checksum = "8d864c91689fdc196779b98dba0aceac6118594c2df6ee5d943eb6a8df4d107a"
dependencies = [
 "memchr",
]

[[package]]
name = "once_cell"
version = "1.17.0"
source = "registry+https://github.com/rust-lang/crates.io-index"
checksum = "6f61fba1741ea2b3d6a1e3178721804bb716a68a6aeba1149b5d52e3d464ea66"

[[package]]
name = "os_str_bytes"
version = "6.4.1"
source = "registry+https://github.com/rust-lang/crates.io-index"
checksum = "9b7820b9daea5457c9f21c69448905d723fbd21136ccf521748f23fd49e723ee"

[[package]]
name = "proc-macro-error"
version = "1.0.4"
source = "registry+https://github.com/rust-lang/crates.io-index"
checksum = "da25490ff9892aab3fcf7c36f08cfb902dd3e71ca0f9f9517bea02a73a5ce38c"
dependencies = [
 "proc-macro-error-attr",
 "proc-macro2",
 "quote",
 "syn",
 "version_check",
]

[[package]]
name = "proc-macro-error-attr"
version = "1.0.4"
source = "registry+https://github.com/rust-lang/crates.io-index"
checksum = "a1be40180e52ecc98ad80b184934baf3d0d29f979574e439af5a55274b35f869"
dependencies = [
 "proc-macro2",
 "quote",
 "version_check",
]

[[package]]
name = "proc-macro2"
version = "1.0.49"
source = "registry+https://github.com/rust-lang/crates.io-index"
checksum = "57a8eca9f9c4ffde41714334dee777596264c7825420f521abc92b5b5deb63a5"
dependencies = [
 "unicode-ident",
]

[[package]]
name = "quote"
version = "1.0.23"
source = "registry+https://github.com/rust-lang/crates.io-index"
checksum = "8856d8364d252a14d474036ea1358d63c9e6965c8e5c1885c18f73d70bff9c7b"
dependencies = [
 "proc-macro2",
]

[[package]]
name = "redox_syscall"
version = "0.2.16"
source = "registry+https://github.com/rust-lang/crates.io-index"
checksum = "fb5a58c1855b4b6819d59012155603f0b22ad30cad752600aadfcb695265519a"
dependencies = [
 "bitflags",
]

[[package]]
name = "redox_users"
version = "0.4.3"
source = "registry+https://github.com/rust-lang/crates.io-index"
checksum = "b033d837a7cf162d7993aded9304e30a83213c648b6e389db233191f891e5c2b"
dependencies = [
 "getrandom",
 "redox_syscall",
 "thiserror",
]

[[package]]
name = "roff"
version = "0.2.1"
source = "registry+https://github.com/rust-lang/crates.io-index"
checksum = "b833d8d034ea094b1ea68aa6d5c740e0d04bad9d16568d08ba6f76823a114316"

[[package]]
name = "rustc-demangle"
version = "0.1.21"
source = "registry+https://github.com/rust-lang/crates.io-index"
checksum = "7ef03e0a2b150c7a90d01faf6254c9c48a41e95fb2a8c2ac1c6f0d2b9aefc342"

[[package]]
name = "rustix"
version = "0.36.6"
source = "registry+https://github.com/rust-lang/crates.io-index"
checksum = "4feacf7db682c6c329c4ede12649cd36ecab0f3be5b7d74e6a20304725db4549"
dependencies = [
 "bitflags",
 "errno",
 "io-lifetimes",
 "libc",
 "linux-raw-sys",
 "windows-sys",
]

[[package]]
name = "ryu"
version = "1.0.12"
source = "registry+https://github.com/rust-lang/crates.io-index"
checksum = "7b4b9743ed687d4b4bcedf9ff5eaa7398495ae14e61cba0a295704edbc7decde"

[[package]]
name = "same-file"
version = "1.0.6"
source = "registry+https://github.com/rust-lang/crates.io-index"
checksum = "93fc1dc3aaa9bfed95e02e6eadabb4baf7e3078b0bd1b4d7b6b0b68378900502"
dependencies = [
 "winapi-util",
]

[[package]]
name = "scrawl"
version = "1.1.0"
source = "registry+https://github.com/rust-lang/crates.io-index"
checksum = "8fbfda0f5cf9c3c8a8058bc9c48b8c1bcdaec976086ad389ae0df6e98b302dd2"

[[package]]
name = "scriptisto"
version = "1.0.0"
dependencies = [
 "ascii_table",
 "clap",
 "clap_mangen",
 "dirs",
 "env_logger",
 "exec",
 "failure",
 "include_dir",
 "log",
 "md5",
 "number_prefix",
 "scrawl",
 "serde",
 "serde_derive",
 "serde_yaml",
 "users",
 "walkdir",
]

[[package]]
name = "serde"
version = "1.0.152"
source = "registry+https://github.com/rust-lang/crates.io-index"
checksum = "bb7d1f0d3021d347a83e556fc4683dea2ea09d87bccdf88ff5c12545d89d5efb"

[[package]]
name = "serde_derive"
version = "1.0.152"
source = "registry+https://github.com/rust-lang/crates.io-index"
checksum = "af487d118eecd09402d70a5d72551860e788df87b464af30e5ea6a38c75c541e"
dependencies = [
 "proc-macro2",
 "quote",
 "syn",
]

[[package]]
name = "serde_yaml"
version = "0.9.16"
source = "registry+https://github.com/rust-lang/crates.io-index"
checksum = "92b5b431e8907b50339b51223b97d102db8d987ced36f6e4d03621db9316c834"
dependencies = [
 "indexmap",
 "itoa",
 "ryu",
 "serde",
 "unsafe-libyaml",
]

[[package]]
name = "strsim"
version = "0.10.0"
source = "registry+https://github.com/rust-lang/crates.io-index"
checksum = "73473c0e59e6d5812c5dfe2a064a6444949f089e20eec9a2e5506596494e4623"

[[package]]
name = "syn"
version = "1.0.107"
source = "registry+https://github.com/rust-lang/crates.io-index"
checksum = "1f4064b5b16e03ae50984a5a8ed5d4f8803e6bc1fd170a3cda91a1be4b18e3f5"
dependencies = [
 "proc-macro2",
 "quote",
 "unicode-ident",
]

[[package]]
name = "synstructure"
version = "0.12.6"
source = "registry+https://github.com/rust-lang/crates.io-index"
checksum = "f36bdaa60a83aca3921b5259d5400cbf5e90fc51931376a9bd4a0eb79aa7210f"
dependencies = [
 "proc-macro2",
 "quote",
 "syn",
 "unicode-xid",
]

[[package]]
name = "termcolor"
version = "1.1.3"
source = "registry+https://github.com/rust-lang/crates.io-index"
checksum = "bab24d30b911b2376f3a13cc2cd443142f0c81dda04c118693e35b3835757755"
dependencies = [
 "winapi-util",
]

[[package]]
name = "thiserror"
version = "1.0.38"
source = "registry+https://github.com/rust-lang/crates.io-index"
checksum = "6a9cd18aa97d5c45c6603caea1da6628790b37f7a34b6ca89522331c5180fed0"
dependencies = [
 "thiserror-impl",
]

[[package]]
name = "thiserror-impl"
version = "1.0.38"
source = "registry+https://github.com/rust-lang/crates.io-index"
checksum = "1fb327af4685e4d03fa8cbcf1716380da910eeb2bb8be417e7f9fd3fb164f36f"
dependencies = [
 "proc-macro2",
 "quote",
 "syn",
]

[[package]]
name = "unicode-ident"
version = "1.0.6"
source = "registry+https://github.com/rust-lang/crates.io-index"
checksum = "84a22b9f218b40614adcb3f4ff08b703773ad44fa9423e4e0d346d5db86e4ebc"

[[package]]
name = "unicode-xid"
version = "0.2.4"
source = "registry+https://github.com/rust-lang/crates.io-index"
checksum = "f962df74c8c05a667b5ee8bcf162993134c104e96440b663c8daa176dc772d8c"

[[package]]
name = "unsafe-libyaml"
version = "0.2.5"
source = "registry+https://github.com/rust-lang/crates.io-index"
checksum = "bc7ed8ba44ca06be78ea1ad2c3682a43349126c8818054231ee6f4748012aed2"

[[package]]
name = "users"
version = "0.11.0"
source = "registry+https://github.com/rust-lang/crates.io-index"
checksum = "24cc0f6d6f267b73e5a2cadf007ba8f9bc39c6a6f9666f8cf25ea809a153b032"
dependencies = [
 "libc",
 "log",
]

[[package]]
name = "version_check"
version = "0.9.4"
source = "registry+https://github.com/rust-lang/crates.io-index"
checksum = "49874b5167b65d7193b8aba1567f5c7d93d001cafc34600cee003eda787e483f"

[[package]]
name = "walkdir"
version = "2.3.2"
source = "registry+https://github.com/rust-lang/crates.io-index"
checksum = "808cf2735cd4b6866113f648b791c6adc5714537bc222d9347bb203386ffda56"
dependencies = [
 "same-file",
 "winapi",
 "winapi-util",
]

[[package]]
name = "wasi"
version = "0.11.0+wasi-snapshot-preview1"
source = "registry+https://github.com/rust-lang/crates.io-index"
checksum = "9c8d87e72b64a3b4db28d11ce29237c246188f4f51057d65a7eab63b7987e423"

[[package]]
name = "winapi"
version = "0.3.9"
source = "registry+https://github.com/rust-lang/crates.io-index"
checksum = "5c839a674fcd7a98952e593242ea400abe93992746761e38641405d28b00f419"
dependencies = [
 "winapi-i686-pc-windows-gnu",
 "winapi-x86_64-pc-windows-gnu",
]

[[package]]
name = "winapi-i686-pc-windows-gnu"
version = "0.4.0"
source = "registry+https://github.com/rust-lang/crates.io-index"
checksum = "ac3b87c63620426dd9b991e5ce0329eff545bccbbb34f3be09ff6fb6ab51b7b6"

[[package]]
name = "winapi-util"
version = "0.1.5"
source = "registry+https://github.com/rust-lang/crates.io-index"
checksum = "70ec6ce85bb158151cae5e5c87f95a8e97d2c0c4b001223f33a334e3ce5de178"
dependencies = [
 "winapi",
]

[[package]]
name = "winapi-x86_64-pc-windows-gnu"
version = "0.4.0"
source = "registry+https://github.com/rust-lang/crates.io-index"
checksum = "712e227841d057c1ee1cd2fb22fa7e5a5461ae8e48fa2ca79ec42cfc1931183f"

[[package]]
name = "windows-sys"
version = "0.42.0"
source = "registry+https://github.com/rust-lang/crates.io-index"
checksum = "5a3e1820f08b8513f676f7ab6c1f99ff312fb97b553d30ff4dd86f9f15728aa7"
dependencies = [
 "windows_aarch64_gnullvm",
 "windows_aarch64_msvc",
 "windows_i686_gnu",
 "windows_i686_msvc",
 "windows_x86_64_gnu",
 "windows_x86_64_gnullvm",
 "windows_x86_64_msvc",
]

[[package]]
name = "windows_aarch64_gnullvm"
version = "0.42.0"
source = "registry+https://github.com/rust-lang/crates.io-index"
checksum = "41d2aa71f6f0cbe00ae5167d90ef3cfe66527d6f613ca78ac8024c3ccab9a19e"

[[package]]
name = "windows_aarch64_msvc"
version = "0.42.0"
source = "registry+https://github.com/rust-lang/crates.io-index"
checksum = "dd0f252f5a35cac83d6311b2e795981f5ee6e67eb1f9a7f64eb4500fbc4dcdb4"

[[package]]
name = "windows_i686_gnu"
version = "0.42.0"
source = "registry+https://github.com/rust-lang/crates.io-index"
checksum = "fbeae19f6716841636c28d695375df17562ca208b2b7d0dc47635a50ae6c5de7"

[[package]]
name = "windows_i686_msvc"
version = "0.42.0"
source = "registry+https://github.com/rust-lang/crates.io-index"
checksum = "84c12f65daa39dd2babe6e442988fc329d6243fdce47d7d2d155b8d874862246"

[[package]]
name = "windows_x86_64_gnu"
version = "0.42.0"
source = "registry+https://github.com/rust-lang/crates.io-index"
checksum = "bf7b1b21b5362cbc318f686150e5bcea75ecedc74dd157d874d754a2ca44b0ed"

[[package]]
name = "windows_x86_64_gnullvm"
version = "0.42.0"
source = "registry+https://github.com/rust-lang/crates.io-index"
checksum = "09d525d2ba30eeb3297665bd434a54297e4170c7f1a44cad4ef58095b4cd2028"

[[package]]
name = "windows_x86_64_msvc"
version = "0.42.0"
source = "registry+https://github.com/rust-lang/crates.io-index"
checksum = "f40009d85759725a34da6d89a94e63d7bdc50a862acf0dbc7c8e488f1edcb6f5"
